
Microsoft Visual Studio Solution File, Format Version 12.00
# Visual Studio 15
VisualStudioVersion = 15.0.27004.2008
MinimumVisualStudioVersion = 10.0.40219.1
Project("{2150E333-8FDC-42A3-9474-1A3956D46DE8}") = "DOMAIN", "DOMAIN", "{115D468B-BEC5-4CCE-8B8D-4CA84AC2CE76}"
EndProject
Project("{2150E333-8FDC-42A3-9474-1A3956D46DE8}") = "DATA", "DATA", "{414940C7-C473-43AD-9062-1459790ECCA9}"
EndProject
Project("{FAE04EC0-301F-11D3-BF4B-00C04F79EFBC}") = "DomainMaster", "DomainMaster\DomainMaster.csproj", "{521987E7-EB10-4154-BCC6-85BF874B4CE8}"
EndProject
Project("{FAE04EC0-301F-11D3-BF4B-00C04F79EFBC}") = "DataMaster", "DataMaster\DataMaster.csproj", "{62E703E8-CBD8-4080-9C96-A095F17ADD9E}"
EndProject
Global
	GlobalSection(SolutionConfigurationPlatforms) = preSolution
		Debug|Any CPU = Debug|Any CPU
		Release|Any CPU = Release|Any CPU
	EndGlobalSection
	GlobalSection(ProjectConfigurationPlatforms) = postSolution
		{521987E7-EB10-4154-BCC6-85BF874B4CE8}.Debug|Any CPU.ActiveCfg = Debug|Any CPU
		{521987E7-EB10-4154-BCC6-85BF874B4CE8}.Debug|Any CPU.Build.0 = Debug|Any CPU
		{521987E7-EB10-4154-BCC6-85BF874B4CE8}.Release|Any CPU.ActiveCfg = Release|Any CPU
		{521987E7-EB10-4154-BCC6-85BF874B4CE8}.Release|Any CPU.Build.0 = Release|Any CPU
		{62E703E8-CBD8-4080-9C96-A095F17ADD9E}.Debug|Any CPU.ActiveCfg = Debug|Any CPU
		{62E703E8-CBD8-4080-9C96-A095F17ADD9E}.Debug|Any CPU.Build.0 = Debug|Any CPU
		{62E703E8-CBD8-4080-9C96-A095F17ADD9E}.Release|Any CPU.ActiveCfg = Release|Any CPU
		{62E703E8-CBD8-4080-9C96-A095F17ADD9E}.Release|Any CPU.Build.0 = Release|Any CPU
	EndGlobalSection
	GlobalSection(SolutionProperties) = preSolution
		HideSolutionNode = FALSE
	EndGlobalSection
	GlobalSection(NestedProjects) = preSolution
		{521987E7-EB10-4154-BCC6-85BF874B4CE8} = {115D468B-BEC5-4CCE-8B8D-4CA84AC2CE76}
		{62E703E8-CBD8-4080-9C96-A095F17ADD9E} = {414940C7-C473-43AD-9062-1459790ECCA9}
	EndGlobalSection
	GlobalSection(ExtensibilityGlobals) = postSolution
		SolutionGuid = {FABA1613-BD4C-4F65-BF60-AC4F660DF4A5}
	EndGlobalSection
EndGlobal
